
Microsoft Visual Studio Solution File, Format Version 12.00
# Visual Studio Version 17
VisualStudioVersion = 17.13.35828.75 d17.13
MinimumVisualStudioVersion = 10.0.40219.1
Project("{FAE04EC0-301F-11D3-BF4B-00C04F79EFBC}") = "CostumerPortalNew", "CostumerPortalNew\CostumerPortalNew.csproj", "{0046A1CC-F809-42FB-8625-53649D7A8050}"
EndProject
Project("{FAE04EC0-301F-11D3-BF4B-00C04F79EFBC}") = "BOL", "BOL\BOL.csproj", "{8E24AE98-B7FB-4233-949C-13EC406285FF}"
EndProject
Project("{FAE04EC0-301F-11D3-BF4B-00C04F79EFBC}") = "BLL", "BLL\BLL.csproj", "{2A7A49D0-B98D-43C9-A4ED-3C48AE0CB9CE}"
EndProject
Project("{FAE04EC0-301F-11D3-BF4B-00C04F79EFBC}") = "DAL", "DAL\DAL.csproj", "{0A06B0DF-4D08-4514-A8C4-9B3AA0887F61}"
EndProject
Global
	GlobalSection(SolutionConfigurationPlatforms) = preSolution
		Debug|Any CPU = Debug|Any CPU
		Release|Any CPU = Release|Any CPU
	EndGlobalSection
	GlobalSection(ProjectConfigurationPlatforms) = postSolution
		{0046A1CC-F809-42FB-8625-53649D7A8050}.Debug|Any CPU.ActiveCfg = Debug|Any CPU
		{0046A1CC-F809-42FB-8625-53649D7A8050}.Debug|Any CPU.Build.0 = Debug|Any CPU
		{0046A1CC-F809-42FB-8625-53649D7A8050}.Release|Any CPU.ActiveCfg = Release|Any CPU
		{0046A1CC-F809-42FB-8625-53649D7A8050}.Release|Any CPU.Build.0 = Release|Any CPU
		{8E24AE98-B7FB-4233-949C-13EC406285FF}.Debug|Any CPU.ActiveCfg = Debug|Any CPU
		{8E24AE98-B7FB-4233-949C-13EC406285FF}.Debug|Any CPU.Build.0 = Debug|Any CPU
		{8E24AE98-B7FB-4233-949C-13EC406285FF}.Release|Any CPU.ActiveCfg = Release|Any CPU
		{8E24AE98-B7FB-4233-949C-13EC406285FF}.Release|Any CPU.Build.0 = Release|Any CPU
		{2A7A49D0-B98D-43C9-A4ED-3C48AE0CB9CE}.Debug|Any CPU.ActiveCfg = Debug|Any CPU
		{2A7A49D0-B98D-43C9-A4ED-3C48AE0CB9CE}.Debug|Any CPU.Build.0 = Debug|Any CPU
		{2A7A49D0-B98D-43C9-A4ED-3C48AE0CB9CE}.Release|Any CPU.ActiveCfg = Release|Any CPU
		{2A7A49D0-B98D-43C9-A4ED-3C48AE0CB9CE}.Release|Any CPU.Build.0 = Release|Any CPU
		{0A06B0DF-4D08-4514-A8C4-9B3AA0887F61}.Debug|Any CPU.ActiveCfg = Debug|Any CPU
		{0A06B0DF-4D08-4514-A8C4-9B3AA0887F61}.Debug|Any CPU.Build.0 = Debug|Any CPU
		{0A06B0DF-4D08-4514-A8C4-9B3AA0887F61}.Release|Any CPU.ActiveCfg = Release|Any CPU
		{0A06B0DF-4D08-4514-A8C4-9B3AA0887F61}.Release|Any CPU.Build.0 = Release|Any CPU
	EndGlobalSection
	GlobalSection(SolutionProperties) = preSolution
		HideSolutionNode = FALSE
	EndGlobalSection
	GlobalSection(ExtensibilityGlobals) = postSolution
		SolutionGuid = {469AC060-0E48-4BBF-A88B-CF9FEA38EC22}
	EndGlobalSection
EndGlobal
